// !$*UTF8*$!
{
	archiveVersion = 1;
	classes = {
	};
	objectVersion = 48;
	objects = {

/* Begin PBXBuildFile section */
		A464C1662BD4385900261F1E /* SSDPService.m in Sources */ = {isa = PBXBuildFile; fileRef = A464C1652BD4385900261F1E /* SSDPService.m */; };
		A4F6CBEB2BD4547300CA385E /* GCDAsyncUdpSocket.m in Sources */ = {isa = PBXBuildFile; fileRef = A4F6CBE92BD4547300CA385E /* GCDAsyncUdpSocket.m */; };
		A4F6CBF92BD466EF00CA385E /* SSDPDiscovery.m in Sources */ = {isa = PBXBuildFile; fileRef = A464C1682BD4386A00261F1E /* SSDPDiscovery.m */; };
		A4F6CC032BD4790000CA385E /* SSDPBrowser.m in Sources */ = {isa = PBXBuildFile; fileRef = A4F6CC022BD4790000CA385E /* SSDPBrowser.m */; };
		A4F6CC0C2BD5039A00CA385E /* XMLToDictBuilder.m in Sources */ = {isa = PBXBuildFile; fileRef = A4F6CC0B2BD5039A00CA385E /* XMLToDictBuilder.m */; };
		A4FEAA662B8E349F00FD51D6 /* AppDelegate.m in Sources */ = {isa = PBXBuildFile; fileRef = A4FEAA652B8E349F00FD51D6 /* AppDelegate.m */; };
		A4FEAA692B8E349F00FD51D6 /* SSDPDocument.m in Sources */ = {isa = PBXBuildFile; fileRef = A4FEAA682B8E349F00FD51D6 /* SSDPDocument.m */; };
		A4FEAA6C2B8E349F00FD51D6 /* SSDPDocument.xib in Resources */ = {isa = PBXBuildFile; fileRef = A4FEAA6A2B8E349F00FD51D6 /* SSDPDocument.xib */; };
		A4FEAA6E2B8E34A000FD51D6 /* Assets.xcassets in Resources */ = {isa = PBXBuildFile; fileRef = A4FEAA6D2B8E34A000FD51D6 /* Assets.xcassets */; };
		A4FEAA712B8E34A000FD51D6 /* MainMenu.xib in Resources */ = {isa = PBXBuildFile; fileRef = A4FEAA6F2B8E34A000FD51D6 /* MainMenu.xib */; };
		A4FEAA742B8E34A000FD51D6 /* main.m in Sources */ = {isa = PBXBuildFile; fileRef = A4FEAA732B8E34A000FD51D6 /* main.m */; };
		A4FEAA962B8E90E300FD51D6 /* PredicateOutlineNode.m in Sources */ = {isa = PBXBuildFile; fileRef = A4FEAA952B8E90E300FD51D6 /* PredicateOutlineNode.m */; };
		A4FEAA9F2B8E95F200FD51D6 /* TreeNode.m in Sources */ = {isa = PBXBuildFile; fileRef = A4FEAA9E2B8E95F200FD51D6 /* TreeNode.m */; };
		A4FEAAA82B8EAB8B00FD51D6 /* HighlightingTextFieldCell.m in Sources */ = {isa = PBXBuildFile; fileRef = A4FEAAA72B8EAB8B00FD51D6 /* HighlightingTextFieldCell.m */; };
/* End PBXBuildFile section */

/* Begin PBXFileReference section */
		A4051F9C2B7D43D3003F8770 /* Network.framework */ = {isa = PBXFileReference; lastKnownFileType = wrapper.framework; name = Network.framework; path = System/Library/Frameworks/Network.framework; sourceTree = SDKROOT; };
		A4051F9E2B7D43DF003F8770 /* CFNetwork.framework */ = {isa = PBXFileReference; lastKnownFileType = wrapper.framework; name = CFNetwork.framework; path = System/Library/Frameworks/CFNetwork.framework; sourceTree = SDKROOT; };
		A4051FA02B7D43E9003F8770 /* NetworkExtension.framework */ = {isa = PBXFileReference; lastKnownFileType = wrapper.framework; name = NetworkExtension.framework; path = System/Library/Frameworks/NetworkExtension.framework; sourceTree = SDKROOT; };
		A464C1642BD4385900261F1E /* SSDPService.h */ = {isa = PBXFileReference; lastKnownFileType = sourcecode.c.h; path = SSDPService.h; sourceTree = "<group>"; };
		A464C1652BD4385900261F1E /* SSDPService.m */ = {isa = PBXFileReference; lastKnownFileType = sourcecode.c.objc; path = SSDPService.m; sourceTree = "<group>"; };
		A464C1672BD4386A00261F1E /* SSDPDiscovery.h */ = {isa = PBXFileReference; lastKnownFileType = sourcecode.c.h; path = SSDPDiscovery.h; sourceTree = "<group>"; };
		A464C1682BD4386A00261F1E /* SSDPDiscovery.m */ = {isa = PBXFileReference; lastKnownFileType = sourcecode.c.objc; path = SSDPDiscovery.m; sourceTree = "<group>"; };
		A4F6CBE92BD4547300CA385E /* GCDAsyncUdpSocket.m */ = {isa = PBXFileReference; fileEncoding = 4; lastKnownFileType = sourcecode.c.objc; path = GCDAsyncUdpSocket.m; sourceTree = "<group>"; };
		A4F6CBEA2BD4547300CA385E /* GCDAsyncUdpSocket.h */ = {isa = PBXFileReference; fileEncoding = 4; lastKnownFileType = sourcecode.c.h; path = GCDAsyncUdpSocket.h; sourceTree = "<group>"; };
		A4F6CC012BD4790000CA385E /* SSDPBrowser.h */ = {isa = PBXFileReference; lastKnownFileType = sourcecode.c.h; path = SSDPBrowser.h; sourceTree = "<group>"; };
		A4F6CC022BD4790000CA385E /* SSDPBrowser.m */ = {isa = PBXFileReference; lastKnownFileType = sourcecode.c.objc; path = SSDPBrowser.m; sourceTree = "<group>"; };
		A4F6CC0A2BD5039A00CA385E /* XMLToDictBuilder.h */ = {isa = PBXFileReference; lastKnownFileType = sourcecode.c.h; path = XMLToDictBuilder.h; sourceTree = "<group>"; };
		A4F6CC0B2BD5039A00CA385E /* XMLToDictBuilder.m */ = {isa = PBXFileReference; lastKnownFileType = sourcecode.c.objc; path = XMLToDictBuilder.m; sourceTree = "<group>"; };
		A4FEAA622B8E349F00FD51D6 /* SSDP Browser.app */ = {isa = PBXFileReference; explicitFileType = wrapper.application; includeInIndex = 0; path = "SSDP Browser.app"; sourceTree = BUILT_PRODUCTS_DIR; };
		A4FEAA642B8E349F00FD51D6 /* AppDelegate.h */ = {isa = PBXFileReference; lastKnownFileType = sourcecode.c.h; path = AppDelegate.h; sourceTree = "<group>"; };
		A4FEAA652B8E349F00FD51D6 /* AppDelegate.m */ = {isa = PBXFileReference; lastKnownFileType = sourcecode.c.objc; path = AppDelegate.m; sourceTree = "<group>"; };
		A4FEAA672B8E349F00FD51D6 /* SSDPDocument.h */ = {isa = PBXFileReference; lastKnownFileType = sourcecode.c.h; path = SSDPDocument.h; sourceTree = "<group>"; };
		A4FEAA682B8E349F00FD51D6 /* SSDPDocument.m */ = {isa = PBXFileReference; lastKnownFileType = sourcecode.c.objc; path = SSDPDocument.m; sourceTree = "<group>"; };
		A4FEAA6B2B8E349F00FD51D6 /* Base */ = {isa = PBXFileReference; lastKnownFileType = file.xib; name = Base; path = Base.lproj/SSDPDocument.xib; sourceTree = "<group>"; };
		A4FEAA6D2B8E34A000FD51D6 /* Assets.xcassets */ = {isa = PBXFileReference; lastKnownFileType = folder.assetcatalog; path = Assets.xcassets; sourceTree = "<group>"; };
		A4FEAA702B8E34A000FD51D6 /* Base */ = {isa = PBXFileReference; lastKnownFileType = file.xib; name = Base; path = Base.lproj/MainMenu.xib; sourceTree = "<group>"; };
		A4FEAA722B8E34A000FD51D6 /* Info.plist */ = {isa = PBXFileReference; lastKnownFileType = text.plist.xml; path = Info.plist; sourceTree = "<group>"; };
		A4FEAA732B8E34A000FD51D6 /* main.m */ = {isa = PBXFileReference; lastKnownFileType = sourcecode.c.objc; path = main.m; sourceTree = "<group>"; };
		A4FEAA752B8E34A000FD51D6 /* SSDP_Browser.entitlements */ = {isa = PBXFileReference; lastKnownFileType = text.plist.entitlements; path = SSDP_Browser.entitlements; sourceTree = "<group>"; };
		A4FEAA942B8E90E300FD51D6 /* PredicateOutlineNode.h */ = {isa = PBXFileReference; lastKnownFileType = sourcecode.c.h; path = PredicateOutlineNode.h; sourceTree = "<group>"; };
		A4FEAA952B8E90E300FD51D6 /* PredicateOutlineNode.m */ = {isa = PBXFileReference; lastKnownFileType = sourcecode.c.objc; path = PredicateOutlineNode.m; sourceTree = "<group>"; };
		A4FEAA9D2B8E95F200FD51D6 /* TreeNode.h */ = {isa = PBXFileReference; lastKnownFileType = sourcecode.c.h; path = TreeNode.h; sourceTree = "<group>"; };
		A4FEAA9E2B8E95F200FD51D6 /* TreeNode.m */ = {isa = PBXFileReference; lastKnownFileType = sourcecode.c.objc; path = TreeNode.m; sourceTree = "<group>"; };
		A4FEAAA62B8EAB8B00FD51D6 /* HighlightingTextFieldCell.h */ = {isa = PBXFileReference; lastKnownFileType = sourcecode.c.h; path = HighlightingTextFieldCell.h; sourceTree = "<group>"; };
		A4FEAAA72B8EAB8B00FD51D6 /* HighlightingTextFieldCell.m */ = {isa = PBXFileReference; lastKnownFileType = sourcecode.c.objc; path = HighlightingTextFieldCell.m; sourceTree = "<group>"; };
/* End PBXFileReference section */

/* Begin PBXFrameworksBuildPhase section */
		A4FEAA5F2B8E349F00FD51D6 /* Frameworks */ = {
			isa = PBXFrameworksBuildPhase;
			buildActionMask = 2147483647;
			files = (
			);
			runOnlyForDeploymentPostprocessing = 0;
		};
/* End PBXFrameworksBuildPhase section */

/* Begin PBXGroup section */
		A4051F7D2B7D40AD003F8770 = {
			isa = PBXGroup;
			children = (
				A4FEAA642B8E349F00FD51D6 /* AppDelegate.h */,
				A4FEAA652B8E349F00FD51D6 /* AppDelegate.m */,
				A4F6CC012BD4790000CA385E /* SSDPBrowser.h */,
				A4F6CC022BD4790000CA385E /* SSDPBrowser.m */,
				A464C1672BD4386A00261F1E /* SSDPDiscovery.h */,
				A464C1682BD4386A00261F1E /* SSDPDiscovery.m */,
				A464C1642BD4385900261F1E /* SSDPService.h */,
				A464C1652BD4385900261F1E /* SSDPService.m */,
				A4FEAA672B8E349F00FD51D6 /* SSDPDocument.h */,
				A4FEAA682B8E349F00FD51D6 /* SSDPDocument.m */,
				A4FEAA6A2B8E349F00FD51D6 /* SSDPDocument.xib */,
				A4F6CC0A2BD5039A00CA385E /* XMLToDictBuilder.h */,
				A4F6CC0B2BD5039A00CA385E /* XMLToDictBuilder.m */,
				A4F6CBEA2BD4547300CA385E /* GCDAsyncUdpSocket.h */,
				A4F6CBE92BD4547300CA385E /* GCDAsyncUdpSocket.m */,
				A4FEAA942B8E90E300FD51D6 /* PredicateOutlineNode.h */,
				A4FEAA952B8E90E300FD51D6 /* PredicateOutlineNode.m */,
				A4FEAA9D2B8E95F200FD51D6 /* TreeNode.h */,
				A4FEAA9E2B8E95F200FD51D6 /* TreeNode.m */,
				A4FEAAA62B8EAB8B00FD51D6 /* HighlightingTextFieldCell.h */,
				A4FEAAA72B8EAB8B00FD51D6 /* HighlightingTextFieldCell.m */,
				A4FEAA632B8E349F00FD51D6 /* Resources */,
				A4051F872B7D40AD003F8770 /* Products */,
				A4051F9B2B7D43D3003F8770 /* Frameworks */,
			);
			sourceTree = "<group>";
		};
		A4051F872B7D40AD003F8770 /* Products */ = {
			isa = PBXGroup;
			children = (
				A4FEAA622B8E349F00FD51D6 /* SSDP Browser.app */,
			);
			name = Products;
			sourceTree = "<group>";
		};
		A4051F9B2B7D43D3003F8770 /* Frameworks */ = {
			isa = PBXGroup;
			children = (
				A4051FA02B7D43E9003F8770 /* NetworkExtension.framework */,
				A4051F9E2B7D43DF003F8770 /* CFNetwork.framework */,
				A4051F9C2B7D43D3003F8770 /* Network.framework */,
			);
			name = Frameworks;
			sourceTree = "<group>";
		};
		A4FEAA632B8E349F00FD51D6 /* Resources */ = {
			isa = PBXGroup;
			children = (
				A4FEAA6F2B8E34A000FD51D6 /* MainMenu.xib */,
				A4FEAA6D2B8E34A000FD51D6 /* Assets.xcassets */,
				A4FEAA722B8E34A000FD51D6 /* Info.plist */,
				A4FEAA732B8E34A000FD51D6 /* main.m */,
				A4FEAA752B8E34A000FD51D6 /* SSDP_Browser.entitlements */,
			);
			path = Resources;
			sourceTree = "<group>";
		};
/* End PBXGroup section */

/* Begin PBXNativeTarget section */
		A4FEAA612B8E349F00FD51D6 /* SSDP Browser */ = {
			isa = PBXNativeTarget;
			buildConfigurationList = A4FEAA762B8E34A000FD51D6 /* Build configuration list for PBXNativeTarget "SSDP Browser" */;
			buildPhases = (
				A4FEAA5E2B8E349F00FD51D6 /* Sources */,
				A4FEAA5F2B8E349F00FD51D6 /* Frameworks */,
				A4FEAA602B8E349F00FD51D6 /* Resources */,
			);
			buildRules = (
			);
			dependencies = (
			);
			name = "SSDP Browser";
			productName = "SSDP Browser";
			productReference = A4FEAA622B8E349F00FD51D6 /* SSDP Browser.app */;
			productType = "com.apple.product-type.application";
		};
/* End PBXNativeTarget section */

/* Begin PBXProject section */
		A4051F7E2B7D40AD003F8770 /* Project object */ = {
			isa = PBXProject;
			attributes = {
				LastSwiftUpdateCheck = 1010;
				LastUpgradeCheck = 1010;
				ORGANIZATIONNAME = "Thomas Tempelmann";
				TargetAttributes = {
					A4FEAA612B8E349F00FD51D6 = {
						CreatedOnToolsVersion = 10.1;
						ProvisioningStyle = Automatic;
						SystemCapabilities = {
							com.apple.HardenedRuntime = {
								enabled = 1;
							};
						};
					};
				};
			};
			buildConfigurationList = A4051F812B7D40AD003F8770 /* Build configuration list for PBXProject "SSDP Browser" */;
			compatibilityVersion = "Xcode 8.0";
			developmentRegion = en;
			hasScannedForEncodings = 0;
			knownRegions = (
				en,
				Base,
			);
			mainGroup = A4051F7D2B7D40AD003F8770;
			productRefGroup = A4051F872B7D40AD003F8770 /* Products */;
			projectDirPath = "";
			projectRoot = "";
			targets = (
				A4FEAA612B8E349F00FD51D6 /* SSDP Browser */,
			);
		};
/* End PBXProject section */

/* Begin PBXResourcesBuildPhase section */
		A4FEAA602B8E349F00FD51D6 /* Resources */ = {
			isa = PBXResourcesBuildPhase;
			buildActionMask = 2147483647;
			files = (
				A4FEAA6E2B8E34A000FD51D6 /* Assets.xcassets in Resources */,
				A4FEAA6C2B8E349F00FD51D6 /* SSDPDocument.xib in Resources */,
				A4FEAA712B8E34A000FD51D6 /* MainMenu.xib in Resources */,
			);
			runOnlyForDeploymentPostprocessing = 0;
		};
/* End PBXResourcesBuildPhase section */

/* Begin PBXSourcesBuildPhase section */
		A4FEAA5E2B8E349F00FD51D6 /* Sources */ = {
			isa = PBXSourcesBuildPhase;
			buildActionMask = 2147483647;
			files = (
				A4F6CC032BD4790000CA385E /* SSDPBrowser.m in Sources */,
				A4F6CBF92BD466EF00CA385E /* SSDPDiscovery.m in Sources */,
				A4FEAAA82B8EAB8B00FD51D6 /* HighlightingTextFieldCell.m in Sources */,
				A464C1662BD4385900261F1E /* SSDPService.m in Sources */,
				A4FEAA742B8E34A000FD51D6 /* main.m in Sources */,
				A4FEAA962B8E90E300FD51D6 /* PredicateOutlineNode.m in Sources */,
				A4F6CBEB2BD4547300CA385E /* GCDAsyncUdpSocket.m in Sources */,
				A4F6CC0C2BD5039A00CA385E /* XMLToDictBuilder.m in Sources */,
				A4FEAA662B8E349F00FD51D6 /* AppDelegate.m in Sources */,
				A4FEAA9F2B8E95F200FD51D6 /* TreeNode.m in Sources */,
				A4FEAA692B8E349F00FD51D6 /* SSDPDocument.m in Sources */,
			);
			runOnlyForDeploymentPostprocessing = 0;
		};
/* End PBXSourcesBuildPhase section */

/* Begin PBXVariantGroup section */
		A4FEAA6A2B8E349F00FD51D6 /* SSDPDocument.xib */ = {
			isa = PBXVariantGroup;
			children = (
				A4FEAA6B2B8E349F00FD51D6 /* Base */,
			);
			name = SSDPDocument.xib;
			sourceTree = "<group>";
		};
		A4FEAA6F2B8E34A000FD51D6 /* MainMenu.xib */ = {
			isa = PBXVariantGroup;
			children = (
				A4FEAA702B8E34A000FD51D6 /* Base */,
			);
			name = MainMenu.xib;
			sourceTree = "<group>";
		};
/* End PBXVariantGroup section */

/* Begin XCBuildConfiguration section */
		A4051F922B7D40AE003F8770 /* Debug */ = {
			isa = XCBuildConfiguration;
			buildSettings = {
				ALWAYS_EMBED_SWIFT_STANDARD_LIBRARIES = YES;
				ALWAYS_SEARCH_USER_PATHS = NO;
				CLANG_ANALYZER_NONNULL = YES;
				CLANG_ANALYZER_NUMBER_OBJECT_CONVERSION = YES_AGGRESSIVE;
				CLANG_CXX_LANGUAGE_STANDARD = "gnu++14";
				CLANG_CXX_LIBRARY = "libc++";
				CLANG_ENABLE_MODULES = YES;
				CLANG_ENABLE_OBJC_ARC = YES;
				CLANG_ENABLE_OBJC_WEAK = YES;
				CLANG_WARN_BLOCK_CAPTURE_AUTORELEASING = YES;
				CLANG_WARN_BOOL_CONVERSION = YES;
				CLANG_WARN_COMMA = YES;
				CLANG_WARN_CONSTANT_CONVERSION = YES;
				CLANG_WARN_DEPRECATED_OBJC_IMPLEMENTATIONS = YES;
				CLANG_WARN_DIRECT_OBJC_ISA_USAGE = YES_ERROR;
				CLANG_WARN_DOCUMENTATION_COMMENTS = YES;
				CLANG_WARN_EMPTY_BODY = YES;
				CLANG_WARN_ENUM_CONVERSION = YES;
				CLANG_WARN_INFINITE_RECURSION = YES;
				CLANG_WARN_INT_CONVERSION = YES;
				CLANG_WARN_NON_LITERAL_NULL_CONVERSION = YES;
				CLANG_WARN_OBJC_IMPLICIT_RETAIN_SELF = YES;
				CLANG_WARN_OBJC_LITERAL_CONVERSION = YES;
				CLANG_WARN_OBJC_ROOT_CLASS = YES_ERROR;
				CLANG_WARN_RANGE_LOOP_ANALYSIS = YES;
				CLANG_WARN_STRICT_PROTOTYPES = YES;
				CLANG_WARN_SUSPICIOUS_MOVE = YES;
				CLANG_WARN_UNGUARDED_AVAILABILITY = YES_AGGRESSIVE;
				CLANG_WARN_UNREACHABLE_CODE = YES;
				CLANG_WARN__DUPLICATE_METHOD_MATCH = YES;
				CODE_SIGN_IDENTITY = "Mac Developer";
				COPY_PHASE_STRIP = NO;
				DEBUG_INFORMATION_FORMAT = dwarf;
				ENABLE_STRICT_OBJC_MSGSEND = YES;
				ENABLE_TESTABILITY = YES;
				GCC_C_LANGUAGE_STANDARD = gnu11;
				GCC_DYNAMIC_NO_PIC = NO;
				GCC_NO_COMMON_BLOCKS = YES;
				GCC_OPTIMIZATION_LEVEL = 0;
				GCC_PREPROCESSOR_DEFINITIONS = (
					"DEBUG=1",
					"$(inherited)",
				);
				GCC_WARN_64_TO_32_BIT_CONVERSION = YES;
				GCC_WARN_ABOUT_RETURN_TYPE = YES_ERROR;
				GCC_WARN_UNDECLARED_SELECTOR = YES;
				GCC_WARN_UNINITIALIZED_AUTOS = YES_AGGRESSIVE;
				GCC_WARN_UNUSED_FUNCTION = YES;
				GCC_WARN_UNUSED_VARIABLE = YES;
				MTL_ENABLE_DEBUG_INFO = INCLUDE_SOURCE;
				MTL_FAST_MATH = YES;
				ONLY_ACTIVE_ARCH = YES;
				SDKROOT = macosx;
				SWIFT_ACTIVE_COMPILATION_CONDITIONS = DEBUG;
				SWIFT_OPTIMIZATION_LEVEL = "-Onone";
				SWIFT_VERSION = 4.2;
			};
			name = Debug;
		};
		A4051F932B7D40AE003F8770 /* Release */ = {
			isa = XCBuildConfiguration;
			buildSettings = {
				ALWAYS_EMBED_SWIFT_STANDARD_LIBRARIES = YES;
				ALWAYS_SEARCH_USER_PATHS = NO;
				CLANG_ANALYZER_NONNULL = YES;
				CLANG_ANALYZER_NUMBER_OBJECT_CONVERSION = YES_AGGRESSIVE;
				CLANG_CXX_LANGUAGE_STANDARD = "gnu++14";
				CLANG_CXX_LIBRARY = "libc++";
				CLANG_ENABLE_MODULES = YES;
				CLANG_ENABLE_OBJC_ARC = YES;
				CLANG_ENABLE_OBJC_WEAK = YES;
				CLANG_WARN_BLOCK_CAPTURE_AUTORELEASING = YES;
				CLANG_WARN_BOOL_CONVERSION = YES;
				CLANG_WARN_COMMA = YES;
				CLANG_WARN_CONSTANT_CONVERSION = YES;
				CLANG_WARN_DEPRECATED_OBJC_IMPLEMENTATIONS = YES;
				CLANG_WARN_DIRECT_OBJC_ISA_USAGE = YES_ERROR;
				CLANG_WARN_DOCUMENTATION_COMMENTS = YES;
				CLANG_WARN_EMPTY_BODY = YES;
				CLANG_WARN_ENUM_CONVERSION = YES;
				CLANG_WARN_INFINITE_RECURSION = YES;
				CLANG_WARN_INT_CONVERSION = YES;
				CLANG_WARN_NON_LITERAL_NULL_CONVERSION = YES;
				CLANG_WARN_OBJC_IMPLICIT_RETAIN_SELF = YES;
				CLANG_WARN_OBJC_LITERAL_CONVERSION = YES;
				CLANG_WARN_OBJC_ROOT_CLASS = YES_ERROR;
				CLANG_WARN_RANGE_LOOP_ANALYSIS = YES;
				CLANG_WARN_STRICT_PROTOTYPES = YES;
				CLANG_WARN_SUSPICIOUS_MOVE = YES;
				CLANG_WARN_UNGUARDED_AVAILABILITY = YES_AGGRESSIVE;
				CLANG_WARN_UNREACHABLE_CODE = YES;
				CLANG_WARN__DUPLICATE_METHOD_MATCH = YES;
				CODE_SIGN_IDENTITY = "Mac Developer";
				COPY_PHASE_STRIP = NO;
				DEBUG_INFORMATION_FORMAT = "dwarf-with-dsym";
				ENABLE_NS_ASSERTIONS = NO;
				ENABLE_STRICT_OBJC_MSGSEND = YES;
				GCC_C_LANGUAGE_STANDARD = gnu11;
				GCC_NO_COMMON_BLOCKS = YES;
				GCC_WARN_64_TO_32_BIT_CONVERSION = YES;
				GCC_WARN_ABOUT_RETURN_TYPE = YES_ERROR;
				GCC_WARN_UNDECLARED_SELECTOR = YES;
				GCC_WARN_UNINITIALIZED_AUTOS = YES_AGGRESSIVE;
				GCC_WARN_UNUSED_FUNCTION = YES;
				GCC_WARN_UNUSED_VARIABLE = YES;
				MTL_ENABLE_DEBUG_INFO = NO;
				MTL_FAST_MATH = YES;
				SDKROOT = macosx;
				SWIFT_OPTIMIZATION_LEVEL = "-Owholemodule";
				SWIFT_VERSION = 4.2;
			};
			name = Release;
		};
		A4FEAA772B8E34A000FD51D6 /* Debug */ = {
			isa = XCBuildConfiguration;
			buildSettings = {
				ASSETCATALOG_COMPILER_APPICON_NAME = AppIcon;
				CODE_SIGN_STYLE = Automatic;
				COMBINE_HIDPI_IMAGES = YES;
				DEFINES_MODULE = YES;
				DEVELOPMENT_TEAM = 25856V4B4X;
				ENABLE_HARDENED_RUNTIME = YES;
				INFOPLIST_FILE = "$(SRCROOT)/Resources/Info.plist";
				LD_RUNPATH_SEARCH_PATHS = "$(inherited) @executable_path/../Frameworks";
				MACOSX_DEPLOYMENT_TARGET = 10.11;
				PRODUCT_BUNDLE_IDENTIFIER = "org.tempel.ssdp-browser";
				PRODUCT_NAME = "$(TARGET_NAME)";
			};
			name = Debug;
		};
		A4FEAA782B8E34A000FD51D6 /* Release */ = {
			isa = XCBuildConfiguration;
			buildSettings = {
				ASSETCATALOG_COMPILER_APPICON_NAME = AppIcon;
				CODE_SIGN_STYLE = Automatic;
				COMBINE_HIDPI_IMAGES = YES;
				DEFINES_MODULE = YES;
				DEVELOPMENT_TEAM = 25856V4B4X;
				ENABLE_HARDENED_RUNTIME = YES;
				INFOPLIST_FILE = "$(SRCROOT)/Resources/Info.plist";
				LD_RUNPATH_SEARCH_PATHS = "$(inherited) @executable_path/../Frameworks";
				MACOSX_DEPLOYMENT_TARGET = 10.11;
				PRODUCT_BUNDLE_IDENTIFIER = "org.tempel.ssdp-browser";
				PRODUCT_NAME = "$(TARGET_NAME)";
			};
			name = Release;
		};
/* End XCBuildConfiguration section */

/* Begin XCConfigurationList section */
		A4051F812B7D40AD003F8770 /* Build configuration list for PBXProject "SSDP Browser" */ = {
			isa = XCConfigurationList;
			buildConfigurations = (
				A4051F922B7D40AE003F8770 /* Debug */,
				A4051F932B7D40AE003F8770 /* Release */,
			);
			defaultConfigurationIsVisible = 0;
			defaultConfigurationName = Release;
		};
		A4FEAA762B8E34A000FD51D6 /* Build configuration list for PBXNativeTarget "SSDP Browser" */ = {
			isa = XCConfigurationList;
			buildConfigurations = (
				A4FEAA772B8E34A000FD51D6 /* Debug */,
				A4FEAA782B8E34A000FD51D6 /* Release */,
			);
			defaultConfigurationIsVisible = 0;
			defaultConfigurationName = Release;
		};
/* End XCConfigurationList section */
	};
	rootObject = A4051F7E2B7D40AD003F8770 /* Project object */;
}
